// !$*UTF8*$!
{
	archiveVersion = 1;
	classes = {
	};
	objectVersion = 50;
	objects = {

/* Begin PBXBuildFile section */
		AA8EDC8D20C4D7580004AF4C /* CardFlowLayout.m in Sources */ = {isa = PBXBuildFile; fileRef = AA8EDC8C20C4D7580004AF4C /* CardFlowLayout.m */; };
		AA8EDC9120C4DC1F0004AF4C /* SCardFlowLayoutViewController.m in Sources */ = {isa = PBXBuildFile; fileRef = AA8EDC8F20C4DC1F0004AF4C /* SCardFlowLayoutViewController.m */; };
		AA8EDC9220C4DC1F0004AF4C /* SCardFlowLayoutViewController.xib in Resources */ = {isa = PBXBuildFile; fileRef = AA8EDC9020C4DC1F0004AF4C /* SCardFlowLayoutViewController.xib */; };
		AA8EDC9620C4DD2C0004AF4C /* SCardCell.m in Sources */ = {isa = PBXBuildFile; fileRef = AA8EDC9420C4DD2C0004AF4C /* SCardCell.m */; };
		AA8EDC9720C4DD2C0004AF4C /* SCardCell.xib in Resources */ = {isa = PBXBuildFile; fileRef = AA8EDC9520C4DD2C0004AF4C /* SCardCell.xib */; };
		AA9AD5B420BD103100A6381D /* AppDelegate.m in Sources */ = {isa = PBXBuildFile; fileRef = AA9AD5B320BD103100A6381D /* AppDelegate.m */; };
		AA9AD5B720BD103100A6381D /* ViewController.m in Sources */ = {isa = PBXBuildFile; fileRef = AA9AD5B620BD103100A6381D /* ViewController.m */; };
		AA9AD5BA20BD103100A6381D /* Main.storyboard in Resources */ = {isa = PBXBuildFile; fileRef = AA9AD5B820BD103100A6381D /* Main.storyboard */; };
		AA9AD5BC20BD103200A6381D /* Assets.xcassets in Resources */ = {isa = PBXBuildFile; fileRef = AA9AD5BB20BD103200A6381D /* Assets.xcassets */; };
		AA9AD5BF20BD103200A6381D /* LaunchScreen.storyboard in Resources */ = {isa = PBXBuildFile; fileRef = AA9AD5BD20BD103200A6381D /* LaunchScreen.storyboard */; };
		AA9AD5C220BD103200A6381D /* main.m in Sources */ = {isa = PBXBuildFile; fileRef = AA9AD5C120BD103200A6381D /* main.m */; };
		AA9AD5CC20BD103200A6381D /* SWaterFlowLayoutTests.m in Sources */ = {isa = PBXBuildFile; fileRef = AA9AD5CB20BD103200A6381D /* SWaterFlowLayoutTests.m */; };
		AA9AD5D720BD103200A6381D /* SWaterFlowLayoutUITests.m in Sources */ = {isa = PBXBuildFile; fileRef = AA9AD5D620BD103200A6381D /* SWaterFlowLayoutUITests.m */; };
		AA9AD5E620BD106B00A6381D /* WaterFlowLayout.m in Sources */ = {isa = PBXBuildFile; fileRef = AA9AD5E520BD106B00A6381D /* WaterFlowLayout.m */; };
		AA9AD5EA20BD239D00A6381D /* TestCollectionViewCell.m in Sources */ = {isa = PBXBuildFile; fileRef = AA9AD5E820BD239D00A6381D /* TestCollectionViewCell.m */; };
		AA9AD5EB20BD239D00A6381D /* TestCollectionViewCell.xib in Resources */ = {isa = PBXBuildFile; fileRef = AA9AD5E920BD239D00A6381D /* TestCollectionViewCell.xib */; };
		AA9AD65F20BD4A2400A6381D /* UIScrollView+MJRefresh.m in Sources */ = {isa = PBXBuildFile; fileRef = AA9AD60620BD4A2400A6381D /* UIScrollView+MJRefresh.m */; };
		AA9AD66020BD4A2400A6381D /* MJRefreshConst.m in Sources */ = {isa = PBXBuildFile; fileRef = AA9AD60720BD4A2400A6381D /* MJRefreshConst.m */; };
		AA9AD66120BD4A2400A6381D /* MJRefresh.bundle in Resources */ = {isa = PBXBuildFile; fileRef = AA9AD60A20BD4A2400A6381D /* MJRefresh.bundle */; };
		AA9AD66220BD4A2400A6381D /* UIScrollView+MJExtension.m in Sources */ = {isa = PBXBuildFile; fileRef = AA9AD60C20BD4A2400A6381D /* UIScrollView+MJExtension.m */; };
		AA9AD66320BD4A2400A6381D /* UIView+MJExtension.m in Sources */ = {isa = PBXBuildFile; fileRef = AA9AD60F20BD4A2400A6381D /* UIView+MJExtension.m */; };
		AA9AD66420BD4A2400A6381D /* MJRefreshBackGifFooter.m in Sources */ = {isa = PBXBuildFile; fileRef = AA9AD61620BD4A2400A6381D /* MJRefreshBackGifFooter.m */; };
		AA9AD66520BD4A2400A6381D /* MJRefreshBackStateFooter.m in Sources */ = {isa = PBXBuildFile; fileRef = AA9AD61720BD4A2400A6381D /* MJRefreshBackStateFooter.m */; };
		AA9AD66620BD4A2400A6381D /* MJRefreshBackNormalFooter.m in Sources */ = {isa = PBXBuildFile; fileRef = AA9AD61820BD4A2400A6381D /* MJRefreshBackNormalFooter.m */; };
		AA9AD66720BD4A2400A6381D /* MJRefreshAutoStateFooter.m in Sources */ = {isa = PBXBuildFile; fileRef = AA9AD61D20BD4A2400A6381D /* MJRefreshAutoStateFooter.m */; };
		AA9AD66820BD4A2400A6381D /* MJRefreshAutoGifFooter.m in Sources */ = {isa = PBXBuildFile; fileRef = AA9AD61E20BD4A2400A6381D /* MJRefreshAutoGifFooter.m */; };
		AA9AD66920BD4A2400A6381D /* MJRefreshAutoNormalFooter.m in Sources */ = {isa = PBXBuildFile; fileRef = AA9AD61F20BD4A2400A6381D /* MJRefreshAutoNormalFooter.m */; };
		AA9AD66A20BD4A2400A6381D /* MJRefreshNormalHeader.m in Sources */ = {isa = PBXBuildFile; fileRef = AA9AD62120BD4A2400A6381D /* MJRefreshNormalHeader.m */; };
		AA9AD66B20BD4A2400A6381D /* MJRefreshStateHeader.m in Sources */ = {isa = PBXBuildFile; fileRef = AA9AD62520BD4A2400A6381D /* MJRefreshStateHeader.m */; };
		AA9AD66C20BD4A2400A6381D /* MJRefreshGifHeader.m in Sources */ = {isa = PBXBuildFile; fileRef = AA9AD62620BD4A2400A6381D /* MJRefreshGifHeader.m */; };
		AA9AD66D20BD4A2400A6381D /* MJRefreshFooter.m in Sources */ = {isa = PBXBuildFile; fileRef = AA9AD62820BD4A2400A6381D /* MJRefreshFooter.m */; };
		AA9AD66E20BD4A2400A6381D /* MJRefreshHeader.m in Sources */ = {isa = PBXBuildFile; fileRef = AA9AD62A20BD4A2400A6381D /* MJRefreshHeader.m */; };
		AA9AD66F20BD4A2400A6381D /* MJRefreshBackFooter.m in Sources */ = {isa = PBXBuildFile; fileRef = AA9AD62C20BD4A2400A6381D /* MJRefreshBackFooter.m */; };
		AA9AD67020BD4A2400A6381D /* MJRefreshAutoFooter.m in Sources */ = {isa = PBXBuildFile; fileRef = AA9AD62D20BD4A2400A6381D /* MJRefreshAutoFooter.m */; };
		AA9AD67120BD4A2400A6381D /* MJRefreshComponent.m in Sources */ = {isa = PBXBuildFile; fileRef = AA9AD62F20BD4A2400A6381D /* MJRefreshComponent.m */; };
		AA9AD68820BE868B00A6381D /* CircleFlowLayout.m in Sources */ = {isa = PBXBuildFile; fileRef = AA9AD68720BE868B00A6381D /* CircleFlowLayout.m */; };
		AA9AD68C20BE8BE900A6381D /* SFlowLayoutViewController.m in Sources */ = {isa = PBXBuildFile; fileRef = AA9AD68A20BE8BE900A6381D /* SFlowLayoutViewController.m */; };
		AA9AD68D20BE8BE900A6381D /* SFlowLayoutViewController.xib in Resources */ = {isa = PBXBuildFile; fileRef = AA9AD68B20BE8BE900A6381D /* SFlowLayoutViewController.xib */; };
		AA9AD69120BEA16500A6381D /* SCircleFlowViewController.m in Sources */ = {isa = PBXBuildFile; fileRef = AA9AD68F20BEA16500A6381D /* SCircleFlowViewController.m */; };
		AA9AD69220BEA16500A6381D /* SCircleFlowViewController.xib in Resources */ = {isa = PBXBuildFile; fileRef = AA9AD69020BEA16500A6381D /* SCircleFlowViewController.xib */; };
		AA9AD69620BEA28300A6381D /* SCircleCollectionCell.m in Sources */ = {isa = PBXBuildFile; fileRef = AA9AD69420BEA28300A6381D /* SCircleCollectionCell.m */; };
		AA9AD69720BEA28300A6381D /* SCircleCollectionCell.xib in Resources */ = {isa = PBXBuildFile; fileRef = AA9AD69520BEA28300A6381D /* SCircleCollectionCell.xib */; };
/* End PBXBuildFile section */

/* Begin PBXContainerItemProxy section */
		AA9AD5C820BD103200A6381D /* PBXContainerItemProxy */ = {
			isa = PBXContainerItemProxy;
			containerPortal = AA9AD5A720BD103100A6381D /* Project object */;
			proxyType = 1;
			remoteGlobalIDString = AA9AD5AE20BD103100A6381D;
			remoteInfo = SWaterFlowLayout;
		};
		AA9AD5D320BD103200A6381D /* PBXContainerItemProxy */ = {
			isa = PBXContainerItemProxy;
			containerPortal = AA9AD5A720BD103100A6381D /* Project object */;
			proxyType = 1;
			remoteGlobalIDString = AA9AD5AE20BD103100A6381D;
			remoteInfo = SWaterFlowLayout;
		};
/* End PBXContainerItemProxy section */

/* Begin PBXFileReference section */
		AA8EDC8B20C4D7580004AF4C /* CardFlowLayout.h */ = {isa = PBXFileReference; lastKnownFileType = sourcecode.c.h; path = CardFlowLayout.h; sourceTree = "<group>"; };
		AA8EDC8C20C4D7580004AF4C /* CardFlowLayout.m */ = {isa = PBXFileReference; lastKnownFileType = sourcecode.c.objc; path = CardFlowLayout.m; sourceTree = "<group>"; };
		AA8EDC8E20C4DC1F0004AF4C /* SCardFlowLayoutViewController.h */ = {isa = PBXFileReference; lastKnownFileType = sourcecode.c.h; path = SCardFlowLayoutViewController.h; sourceTree = "<group>"; };
		AA8EDC8F20C4DC1F0004AF4C /* SCardFlowLayoutViewController.m */ = {isa = PBXFileReference; lastKnownFileType = sourcecode.c.objc; path = SCardFlowLayoutViewController.m; sourceTree = "<group>"; };
		AA8EDC9020C4DC1F0004AF4C /* SCardFlowLayoutViewController.xib */ = {isa = PBXFileReference; lastKnownFileType = file.xib; path = SCardFlowLayoutViewController.xib; sourceTree = "<group>"; };
		AA8EDC9320C4DD2C0004AF4C /* SCardCell.h */ = {isa = PBXFileReference; lastKnownFileType = sourcecode.c.h; path = SCardCell.h; sourceTree = "<group>"; };
		AA8EDC9420C4DD2C0004AF4C /* SCardCell.m */ = {isa = PBXFileReference; lastKnownFileType = sourcecode.c.objc; path = SCardCell.m; sourceTree = "<group>"; };
		AA8EDC9520C4DD2C0004AF4C /* SCardCell.xib */ = {isa = PBXFileReference; lastKnownFileType = file.xib; path = SCardCell.xib; sourceTree = "<group>"; };
		AA9AD5AF20BD103100A6381D /* SWaterFlowLayout.app */ = {isa = PBXFileReference; explicitFileType = wrapper.application; includeInIndex = 0; path = SWaterFlowLayout.app; sourceTree = BUILT_PRODUCTS_DIR; };
		AA9AD5B220BD103100A6381D /* AppDelegate.h */ = {isa = PBXFileReference; lastKnownFileType = sourcecode.c.h; path = AppDelegate.h; sourceTree = "<group>"; };
		AA9AD5B320BD103100A6381D /* AppDelegate.m */ = {isa = PBXFileReference; lastKnownFileType = sourcecode.c.objc; path = AppDelegate.m; sourceTree = "<group>"; };
		AA9AD5B520BD103100A6381D /* ViewController.h */ = {isa = PBXFileReference; lastKnownFileType = sourcecode.c.h; path = ViewController.h; sourceTree = "<group>"; };
		AA9AD5B620BD103100A6381D /* ViewController.m */ = {isa = PBXFileReference; lastKnownFileType = sourcecode.c.objc; path = ViewController.m; sourceTree = "<group>"; };
		AA9AD5B920BD103100A6381D /* Base */ = {isa = PBXFileReference; lastKnownFileType = file.storyboard; name = Base; path = Base.lproj/Main.storyboard; sourceTree = "<group>"; };
		AA9AD5BB20BD103200A6381D /* Assets.xcassets */ = {isa = PBXFileReference; lastKnownFileType = folder.assetcatalog; path = Assets.xcassets; sourceTree = "<group>"; };
		AA9AD5BE20BD103200A6381D /* Base */ = {isa = PBXFileReference; lastKnownFileType = file.storyboard; name = Base; path = Base.lproj/LaunchScreen.storyboard; sourceTree = "<group>"; };
		AA9AD5C020BD103200A6381D /* Info.plist */ = {isa = PBXFileReference; lastKnownFileType = text.plist.xml; path = Info.plist; sourceTree = "<group>"; };
		AA9AD5C120BD103200A6381D /* main.m */ = {isa = PBXFileReference; lastKnownFileType = sourcecode.c.objc; path = main.m; sourceTree = "<group>"; };
		AA9AD5C720BD103200A6381D /* SWaterFlowLayoutTests.xctest */ = {isa = PBXFileReference; explicitFileType = wrapper.cfbundle; includeInIndex = 0; path = SWaterFlowLayoutTests.xctest; sourceTree = BUILT_PRODUCTS_DIR; };
		AA9AD5CB20BD103200A6381D /* SWaterFlowLayoutTests.m */ = {isa = PBXFileReference; lastKnownFileType = sourcecode.c.objc; path = SWaterFlowLayoutTests.m; sourceTree = "<group>"; };
		AA9AD5CD20BD103200A6381D /* Info.plist */ = {isa = PBXFileReference; lastKnownFileType = text.plist.xml; path = Info.plist; sourceTree = "<group>"; };
		AA9AD5D220BD103200A6381D /* SWaterFlowLayoutUITests.xctest */ = {isa = PBXFileReference; explicitFileType = wrapper.cfbundle; includeInIndex = 0; path = SWaterFlowLayoutUITests.xctest; sourceTree = BUILT_PRODUCTS_DIR; };
		AA9AD5D620BD103200A6381D /* SWaterFlowLayoutUITests.m */ = {isa = PBXFileReference; lastKnownFileType = sourcecode.c.objc; path = SWaterFlowLayoutUITests.m; sourceTree = "<group>"; };
		AA9AD5D820BD103200A6381D /* Info.plist */ = {isa = PBXFileReference; lastKnownFileType = text.plist.xml; path = Info.plist; sourceTree = "<group>"; };
		AA9AD5E420BD106B00A6381D /* WaterFlowLayout.h */ = {isa = PBXFileReference; lastKnownFileType = sourcecode.c.h; path = WaterFlowLayout.h; sourceTree = "<group>"; };
		AA9AD5E520BD106B00A6381D /* WaterFlowLayout.m */ = {isa = PBXFileReference; lastKnownFileType = sourcecode.c.objc; path = WaterFlowLayout.m; sourceTree = "<group>"; };
		AA9AD5E720BD239D00A6381D /* TestCollectionViewCell.h */ = {isa = PBXFileReference; lastKnownFileType = sourcecode.c.h; path = TestCollectionViewCell.h; sourceTree = "<group>"; };
		AA9AD5E820BD239D00A6381D /* TestCollectionViewCell.m */ = {isa = PBXFileReference; lastKnownFileType = sourcecode.c.objc; path = TestCollectionViewCell.m; sourceTree = "<group>"; };
		AA9AD5E920BD239D00A6381D /* TestCollectionViewCell.xib */ = {isa = PBXFileReference; lastKnownFileType = file.xib; path = TestCollectionViewCell.xib; sourceTree = "<group>"; };
		AA9AD60620BD4A2400A6381D /* UIScrollView+MJRefresh.m */ = {isa = PBXFileReference; fileEncoding = 4; lastKnownFileType = sourcecode.c.objc; path = "UIScrollView+MJRefresh.m"; sourceTree = "<group>"; };
		AA9AD60720BD4A2400A6381D /* MJRefreshConst.m */ = {isa = PBXFileReference; fileEncoding = 4; lastKnownFileType = sourcecode.c.objc; path = MJRefreshConst.m; sourceTree = "<group>"; };
		AA9AD60820BD4A2400A6381D /* UIScrollView+MJExtension.h */ = {isa = PBXFileReference; fileEncoding = 4; lastKnownFileType = sourcecode.c.h; path = "UIScrollView+MJExtension.h"; sourceTree = "<group>"; };
		AA9AD60920BD4A2400A6381D /* MJRefresh.h */ = {isa = PBXFileReference; fileEncoding = 4; lastKnownFileType = sourcecode.c.h; path = MJRefresh.h; sourceTree = "<group>"; };
		AA9AD60A20BD4A2400A6381D /* MJRefresh.bundle */ = {isa = PBXFileReference; lastKnownFileType = "wrapper.plug-in"; path = MJRefresh.bundle; sourceTree = "<group>"; };
		AA9AD60B20BD4A2400A6381D /* UIView+MJExtension.h */ = {isa = PBXFileReference; fileEncoding = 4; lastKnownFileType = sourcecode.c.h; path = "UIView+MJExtension.h"; sourceTree = "<group>"; };
		AA9AD60C20BD4A2400A6381D /* UIScrollView+MJExtension.m */ = {isa = PBXFileReference; fileEncoding = 4; lastKnownFileType = sourcecode.c.objc; path = "UIScrollView+MJExtension.m"; sourceTree = "<group>"; };
		AA9AD60D20BD4A2400A6381D /* MJRefreshConst.h */ = {isa = PBXFileReference; fileEncoding = 4; lastKnownFileType = sourcecode.c.h; path = MJRefreshConst.h; sourceTree = "<group>"; };
		AA9AD60E20BD4A2400A6381D /* UIScrollView+MJRefresh.h */ = {isa = PBXFileReference; fileEncoding = 4; lastKnownFileType = sourcecode.c.h; path = "UIScrollView+MJRefresh.h"; sourceTree = "<group>"; };
		AA9AD60F20BD4A2400A6381D /* UIView+MJExtension.m */ = {isa = PBXFileReference; fileEncoding = 4; lastKnownFileType = sourcecode.c.objc; path = "UIView+MJExtension.m"; sourceTree = "<group>"; };
		AA9AD61320BD4A2400A6381D /* MJRefreshBackGifFooter.h */ = {isa = PBXFileReference; fileEncoding = 4; lastKnownFileType = sourcecode.c.h; path = MJRefreshBackGifFooter.h; sourceTree = "<group>"; };
		AA9AD61420BD4A2400A6381D /* MJRefreshBackStateFooter.h */ = {isa = PBXFileReference; fileEncoding = 4; lastKnownFileType = sourcecode.c.h; path = MJRefreshBackStateFooter.h; sourceTree = "<group>"; };
		AA9AD61520BD4A2400A6381D /* MJRefreshBackNormalFooter.h */ = {isa = PBXFileReference; fileEncoding = 4; lastKnownFileType = sourcecode.c.h; path = MJRefreshBackNormalFooter.h; sourceTree = "<group>"; };
		AA9AD61620BD4A2400A6381D /* MJRefreshBackGifFooter.m */ = {isa = PBXFileReference; fileEncoding = 4; lastKnownFileType = sourcecode.c.objc; path = MJRefreshBackGifFooter.m; sourceTree = "<group>"; };
		AA9AD61720BD4A2400A6381D /* MJRefreshBackStateFooter.m */ = {isa = PBXFileReference; fileEncoding = 4; lastKnownFileType = sourcecode.c.objc; path = MJRefreshBackStateFooter.m; sourceTree = "<group>"; };
		AA9AD61820BD4A2400A6381D /* MJRefreshBackNormalFooter.m */ = {isa = PBXFileReference; fileEncoding = 4; lastKnownFileType = sourcecode.c.objc; path = MJRefreshBackNormalFooter.m; sourceTree = "<group>"; };
		AA9AD61A20BD4A2400A6381D /* MJRefreshAutoStateFooter.h */ = {isa = PBXFileReference; fileEncoding = 4; lastKnownFileType = sourcecode.c.h; path = MJRefreshAutoStateFooter.h; sourceTree = "<group>"; };
		AA9AD61B20BD4A2400A6381D /* MJRefreshAutoNormalFooter.h */ = {isa = PBXFileReference; fileEncoding = 4; lastKnownFileType = sourcecode.c.h; path = MJRefreshAutoNormalFooter.h; sourceTree = "<group>"; };
		AA9AD61C20BD4A2400A6381D /* MJRefreshAutoGifFooter.h */ = {isa = PBXFileReference; fileEncoding = 4; lastKnownFileType = sourcecode.c.h; path = MJRefreshAutoGifFooter.h; sourceTree = "<group>"; };
		AA9AD61D20BD4A2400A6381D /* MJRefreshAutoStateFooter.m */ = {isa = PBXFileReference; fileEncoding = 4; lastKnownFileType = sourcecode.c.objc; path = MJRefreshAutoStateFooter.m; sourceTree = "<group>"; };
		AA9AD61E20BD4A2400A6381D /* MJRefreshAutoGifFooter.m */ = {isa = PBXFileReference; fileEncoding = 4; lastKnownFileType = sourcecode.c.objc; path = MJRefreshAutoGifFooter.m; sourceTree = "<group>"; };
		AA9AD61F20BD4A2400A6381D /* MJRefreshAutoNormalFooter.m */ = {isa = PBXFileReference; fileEncoding = 4; lastKnownFileType = sourcecode.c.objc; path = MJRefreshAutoNormalFooter.m; sourceTree = "<group>"; };
		AA9AD62120BD4A2400A6381D /* MJRefreshNormalHeader.m */ = {isa = PBXFileReference; fileEncoding = 4; lastKnownFileType = sourcecode.c.objc; path = MJRefreshNormalHeader.m; sourceTree = "<group>"; };
		AA9AD62220BD4A2400A6381D /* MJRefreshStateHeader.h */ = {isa = PBXFileReference; fileEncoding = 4; lastKnownFileType = sourcecode.c.h; path = MJRefreshStateHeader.h; sourceTree = "<group>"; };
		AA9AD62320BD4A2400A6381D /* MJRefreshGifHeader.h */ = {isa = PBXFileReference; fileEncoding = 4; lastKnownFileType = sourcecode.c.h; path = MJRefreshGifHeader.h; sourceTree = "<group>"; };
		AA9AD62420BD4A2400A6381D /* MJRefreshNormalHeader.h */ = {isa = PBXFileReference; fileEncoding = 4; lastKnownFileType = sourcecode.c.h; path = MJRefreshNormalHeader.h; sourceTree = "<group>"; };
		AA9AD62520BD4A2400A6381D /* MJRefreshStateHeader.m */ = {isa = PBXFileReference; fileEncoding = 4; lastKnownFileType = sourcecode.c.objc; path = MJRefreshStateHeader.m; sourceTree = "<group>"; };
		AA9AD62620BD4A2400A6381D /* MJRefreshGifHeader.m */ = {isa = PBXFileReference; fileEncoding = 4; lastKnownFileType = sourcecode.c.objc; path = MJRefreshGifHeader.m; sourceTree = "<group>"; };
		AA9AD62820BD4A2400A6381D /* MJRefreshFooter.m */ = {isa = PBXFileReference; fileEncoding = 4; lastKnownFileType = sourcecode.c.objc; path = MJRefreshFooter.m; sourceTree = "<group>"; };
		AA9AD62920BD4A2400A6381D /* MJRefreshComponent.h */ = {isa = PBXFileReference; fileEncoding = 4; lastKnownFileType = sourcecode.c.h; path = MJRefreshComponent.h; sourceTree = "<group>"; };
		AA9AD62A20BD4A2400A6381D /* MJRefreshHeader.m */ = {isa = PBXFileReference; fileEncoding = 4; lastKnownFileType = sourcecode.c.objc; path = MJRefreshHeader.m; sourceTree = "<group>"; };
		AA9AD62B20BD4A2400A6381D /* MJRefreshAutoFooter.h */ = {isa = PBXFileReference; fileEncoding = 4; lastKnownFileType = sourcecode.c.h; path = MJRefreshAutoFooter.h; sourceTree = "<group>"; };
		AA9AD62C20BD4A2400A6381D /* MJRefreshBackFooter.m */ = {isa = PBXFileReference; fileEncoding = 4; lastKnownFileType = sourcecode.c.objc; path = MJRefreshBackFooter.m; sourceTree = "<group>"; };
		AA9AD62D20BD4A2400A6381D /* MJRefreshAutoFooter.m */ = {isa = PBXFileReference; fileEncoding = 4; lastKnownFileType = sourcecode.c.objc; path = MJRefreshAutoFooter.m; sourceTree = "<group>"; };
		AA9AD62E20BD4A2400A6381D /* MJRefreshHeader.h */ = {isa = PBXFileReference; fileEncoding = 4; lastKnownFileType = sourcecode.c.h; path = MJRefreshHeader.h; sourceTree = "<group>"; };
		AA9AD62F20BD4A2400A6381D /* MJRefreshComponent.m */ = {isa = PBXFileReference; fileEncoding = 4; lastKnownFileType = sourcecode.c.objc; path = MJRefreshComponent.m; sourceTree = "<group>"; };
		AA9AD63020BD4A2400A6381D /* MJRefreshFooter.h */ = {isa = PBXFileReference; fileEncoding = 4; lastKnownFileType = sourcecode.c.h; path = MJRefreshFooter.h; sourceTree = "<group>"; };
		AA9AD63120BD4A2400A6381D /* MJRefreshBackFooter.h */ = {isa = PBXFileReference; fileEncoding = 4; lastKnownFileType = sourcecode.c.h; path = MJRefreshBackFooter.h; sourceTree = "<group>"; };
		AA9AD68620BE868B00A6381D /* CircleFlowLayout.h */ = {isa = PBXFileReference; lastKnownFileType = sourcecode.c.h; path = CircleFlowLayout.h; sourceTree = "<group>"; };
		AA9AD68720BE868B00A6381D /* CircleFlowLayout.m */ = {isa = PBXFileReference; lastKnownFileType = sourcecode.c.objc; path = CircleFlowLayout.m; sourceTree = "<group>"; };
		AA9AD68920BE8BE900A6381D /* SFlowLayoutViewController.h */ = {isa = PBXFileReference; lastKnownFileType = sourcecode.c.h; path = SFlowLayoutViewController.h; sourceTree = "<group>"; };
		AA9AD68A20BE8BE900A6381D /* SFlowLayoutViewController.m */ = {isa = PBXFileReference; lastKnownFileType = sourcecode.c.objc; path = SFlowLayoutViewController.m; sourceTree = "<group>"; };
		AA9AD68B20BE8BE900A6381D /* SFlowLayoutViewController.xib */ = {isa = PBXFileReference; lastKnownFileType = file.xib; path = SFlowLayoutViewController.xib; sourceTree = "<group>"; };
		AA9AD68E20BEA16500A6381D /* SCircleFlowViewController.h */ = {isa = PBXFileReference; lastKnownFileType = sourcecode.c.h; path = SCircleFlowViewController.h; sourceTree = "<group>"; };
		AA9AD68F20BEA16500A6381D /* SCircleFlowViewController.m */ = {isa = PBXFileReference; lastKnownFileType = sourcecode.c.objc; path = SCircleFlowViewController.m; sourceTree = "<group>"; };
		AA9AD69020BEA16500A6381D /* SCircleFlowViewController.xib */ = {isa = PBXFileReference; lastKnownFileType = file.xib; path = SCircleFlowViewController.xib; sourceTree = "<group>"; };
		AA9AD69320BEA28300A6381D /* SCircleCollectionCell.h */ = {isa = PBXFileReference; lastKnownFileType = sourcecode.c.h; path = SCircleCollectionCell.h; sourceTree = "<group>"; };
		AA9AD69420BEA28300A6381D /* SCircleCollectionCell.m */ = {isa = PBXFileReference; lastKnownFileType = sourcecode.c.objc; path = SCircleCollectionCell.m; sourceTree = "<group>"; };
		AA9AD69520BEA28300A6381D /* SCircleCollectionCell.xib */ = {isa = PBXFileReference; lastKnownFileType = file.xib; path = SCircleCollectionCell.xib; sourceTree = "<group>"; };
/* End PBXFileReference section */

/* Begin PBXFrameworksBuildPhase section */
		AA9AD5AC20BD103100A6381D /* Frameworks */ = {
			isa = PBXFrameworksBuildPhase;
			buildActionMask = 2147483647;
			files = (
			);
			runOnlyForDeploymentPostprocessing = 0;
		};
		AA9AD5C420BD103200A6381D /* Frameworks */ = {
			isa = PBXFrameworksBuildPhase;
			buildActionMask = 2147483647;
			files = (
			);
			runOnlyForDeploymentPostprocessing = 0;
		};
		AA9AD5CF20BD103200A6381D /* Frameworks */ = {
			isa = PBXFrameworksBuildPhase;
			buildActionMask = 2147483647;
			files = (
			);
			runOnlyForDeploymentPostprocessing = 0;
		};
/* End PBXFrameworksBuildPhase section */

/* Begin PBXGroup section */
		AA9AD5A620BD103100A6381D = {
			isa = PBXGroup;
			children = (
				AA9AD5B120BD103100A6381D /* SWaterFlowLayout */,
				AA9AD5CA20BD103200A6381D /* SWaterFlowLayoutTests */,
				AA9AD5D520BD103200A6381D /* SWaterFlowLayoutUITests */,
				AA9AD5B020BD103100A6381D /* Products */,
			);
			sourceTree = "<group>";
		};
		AA9AD5B020BD103100A6381D /* Products */ = {
			isa = PBXGroup;
			children = (
				AA9AD5AF20BD103100A6381D /* SWaterFlowLayout.app */,
				AA9AD5C720BD103200A6381D /* SWaterFlowLayoutTests.xctest */,
				AA9AD5D220BD103200A6381D /* SWaterFlowLayoutUITests.xctest */,
			);
			name = Products;
			sourceTree = "<group>";
		};
		AA9AD5B120BD103100A6381D /* SWaterFlowLayout */ = {
			isa = PBXGroup;
			children = (
				AA9AD68220BD55D200A6381D /* FlowLayout */,
				AA9AD5EC20BD4A2400A6381D /* Lib */,
				AA9AD5B220BD103100A6381D /* AppDelegate.h */,
				AA9AD5B320BD103100A6381D /* AppDelegate.m */,
				AA9AD5B520BD103100A6381D /* ViewController.h */,
				AA9AD5B620BD103100A6381D /* ViewController.m */,
				AA9AD68920BE8BE900A6381D /* SFlowLayoutViewController.h */,
				AA9AD68A20BE8BE900A6381D /* SFlowLayoutViewController.m */,
				AA9AD68B20BE8BE900A6381D /* SFlowLayoutViewController.xib */,
				AA9AD68E20BEA16500A6381D /* SCircleFlowViewController.h */,
				AA9AD68F20BEA16500A6381D /* SCircleFlowViewController.m */,
				AA9AD69020BEA16500A6381D /* SCircleFlowViewController.xib */,
				AA8EDC8E20C4DC1F0004AF4C /* SCardFlowLayoutViewController.h */,
				AA8EDC8F20C4DC1F0004AF4C /* SCardFlowLayoutViewController.m */,
				AA8EDC9020C4DC1F0004AF4C /* SCardFlowLayoutViewController.xib */,
				AA9AD69320BEA28300A6381D /* SCircleCollectionCell.h */,
				AA9AD69420BEA28300A6381D /* SCircleCollectionCell.m */,
				AA9AD69520BEA28300A6381D /* SCircleCollectionCell.xib */,
				AA8EDC9320C4DD2C0004AF4C /* SCardCell.h */,
				AA8EDC9420C4DD2C0004AF4C /* SCardCell.m */,
				AA8EDC9520C4DD2C0004AF4C /* SCardCell.xib */,
				AA9AD5E720BD239D00A6381D /* TestCollectionViewCell.h */,
				AA9AD5E820BD239D00A6381D /* TestCollectionViewCell.m */,
				AA9AD5E920BD239D00A6381D /* TestCollectionViewCell.xib */,
				AA9AD5B820BD103100A6381D /* Main.storyboard */,
				AA9AD5BB20BD103200A6381D /* Assets.xcassets */,
				AA9AD5BD20BD103200A6381D /* LaunchScreen.storyboard */,
				AA9AD5C020BD103200A6381D /* Info.plist */,
				AA9AD5C120BD103200A6381D /* main.m */,
			);
			path = SWaterFlowLayout;
			sourceTree = "<group>";
		};
		AA9AD5CA20BD103200A6381D /* SWaterFlowLayoutTests */ = {
			isa = PBXGroup;
			children = (
				AA9AD5CB20BD103200A6381D /* SWaterFlowLayoutTests.m */,
				AA9AD5CD20BD103200A6381D /* Info.plist */,
			);
			path = SWaterFlowLayoutTests;
			sourceTree = "<group>";
		};
		AA9AD5D520BD103200A6381D /* SWaterFlowLayoutUITests */ = {
			isa = PBXGroup;
			children = (
				AA9AD5D620BD103200A6381D /* SWaterFlowLayoutUITests.m */,
				AA9AD5D820BD103200A6381D /* Info.plist */,
			);
			path = SWaterFlowLayoutUITests;
			sourceTree = "<group>";
		};
		AA9AD5EC20BD4A2400A6381D /* Lib */ = {
			isa = PBXGroup;
			children = (
				AA9AD60520BD4A2400A6381D /* MJRefresh */,
			);
			path = Lib;
			sourceTree = "<group>";
		};
		AA9AD60520BD4A2400A6381D /* MJRefresh */ = {
			isa = PBXGroup;
			children = (
				AA9AD60620BD4A2400A6381D /* UIScrollView+MJRefresh.m */,
				AA9AD60720BD4A2400A6381D /* MJRefreshConst.m */,
				AA9AD60820BD4A2400A6381D /* UIScrollView+MJExtension.h */,
				AA9AD60920BD4A2400A6381D /* MJRefresh.h */,
				AA9AD60A20BD4A2400A6381D /* MJRefresh.bundle */,
				AA9AD60B20BD4A2400A6381D /* UIView+MJExtension.h */,
				AA9AD60C20BD4A2400A6381D /* UIScrollView+MJExtension.m */,
				AA9AD60D20BD4A2400A6381D /* MJRefreshConst.h */,
				AA9AD60E20BD4A2400A6381D /* UIScrollView+MJRefresh.h */,
				AA9AD60F20BD4A2400A6381D /* UIView+MJExtension.m */,
				AA9AD61020BD4A2400A6381D /* Custom */,
				AA9AD62720BD4A2400A6381D /* Base */,
			);
			path = MJRefresh;
			sourceTree = "<group>";
		};
		AA9AD61020BD4A2400A6381D /* Custom */ = {
			isa = PBXGroup;
			children = (
				AA9AD61120BD4A2400A6381D /* Footer */,
				AA9AD62020BD4A2400A6381D /* Header */,
			);
			path = Custom;
			sourceTree = "<group>";
		};
		AA9AD61120BD4A2400A6381D /* Footer */ = {
			isa = PBXGroup;
			children = (
				AA9AD61220BD4A2400A6381D /* Back */,
				AA9AD61920BD4A2400A6381D /* Auto */,
			);
			path = Footer;
			sourceTree = "<group>";
		};
		AA9AD61220BD4A2400A6381D /* Back */ = {
			isa = PBXGroup;
			children = (
				AA9AD61320BD4A2400A6381D /* MJRefreshBackGifFooter.h */,
				AA9AD61420BD4A2400A6381D /* MJRefreshBackStateFooter.h */,
				AA9AD61520BD4A2400A6381D /* MJRefreshBackNormalFooter.h */,
				AA9AD61620BD4A2400A6381D /* MJRefreshBackGifFooter.m */,
				AA9AD61720BD4A2400A6381D /* MJRefreshBackStateFooter.m */,
				AA9AD61820BD4A2400A6381D /* MJRefreshBackNormalFooter.m */,
			);
			path = Back;
			sourceTree = "<group>";
		};
		AA9AD61920BD4A2400A6381D /* Auto */ = {
			isa = PBXGroup;
			children = (
				AA9AD61A20BD4A2400A6381D /* MJRefreshAutoStateFooter.h */,
				AA9AD61B20BD4A2400A6381D /* MJRefreshAutoNormalFooter.h */,
				AA9AD61C20BD4A2400A6381D /* MJRefreshAutoGifFooter.h */,
				AA9AD61D20BD4A2400A6381D /* MJRefreshAutoStateFooter.m */,
				AA9AD61E20BD4A2400A6381D /* MJRefreshAutoGifFooter.m */,
				AA9AD61F20BD4A2400A6381D /* MJRefreshAutoNormalFooter.m */,
			);
			path = Auto;
			sourceTree = "<group>";
		};
		AA9AD62020BD4A2400A6381D /* Header */ = {
			isa = PBXGroup;
			children = (
				AA9AD62120BD4A2400A6381D /* MJRefreshNormalHeader.m */,
				AA9AD62220BD4A2400A6381D /* MJRefreshStateHeader.h */,
				AA9AD62320BD4A2400A6381D /* MJRefreshGifHeader.h */,
				AA9AD62420BD4A2400A6381D /* MJRefreshNormalHeader.h */,
				AA9AD62520BD4A2400A6381D /* MJRefreshStateHeader.m */,
				AA9AD62620BD4A2400A6381D /* MJRefreshGifHeader.m */,
			);
			path = Header;
			sourceTree = "<group>";
		};
		AA9AD62720BD4A2400A6381D /* Base */ = {
			isa = PBXGroup;
			children = (
				AA9AD62820BD4A2400A6381D /* MJRefreshFooter.m */,
				AA9AD62920BD4A2400A6381D /* MJRefreshComponent.h */,
				AA9AD62A20BD4A2400A6381D /* MJRefreshHeader.m */,
				AA9AD62B20BD4A2400A6381D /* MJRefreshAutoFooter.h */,
				AA9AD62C20BD4A2400A6381D /* MJRefreshBackFooter.m */,
				AA9AD62D20BD4A2400A6381D /* MJRefreshAutoFooter.m */,
				AA9AD62E20BD4A2400A6381D /* MJRefreshHeader.h */,
				AA9AD62F20BD4A2400A6381D /* MJRefreshComponent.m */,
				AA9AD63020BD4A2400A6381D /* MJRefreshFooter.h */,
				AA9AD63120BD4A2400A6381D /* MJRefreshBackFooter.h */,
			);
			path = Base;
			sourceTree = "<group>";
		};
		AA9AD68220BD55D200A6381D /* FlowLayout */ = {
			isa = PBXGroup;
			children = (
				AA9AD5E420BD106B00A6381D /* WaterFlowLayout.h */,
				AA9AD5E520BD106B00A6381D /* WaterFlowLayout.m */,
				AA9AD68620BE868B00A6381D /* CircleFlowLayout.h */,
				AA9AD68720BE868B00A6381D /* CircleFlowLayout.m */,
				AA8EDC8B20C4D7580004AF4C /* CardFlowLayout.h */,
				AA8EDC8C20C4D7580004AF4C /* CardFlowLayout.m */,
			);
			path = FlowLayout;
			sourceTree = "<group>";
		};
/* End PBXGroup section */

/* Begin PBXNativeTarget section */
		AA9AD5AE20BD103100A6381D /* SWaterFlowLayout */ = {
			isa = PBXNativeTarget;
			buildConfigurationList = AA9AD5DB20BD103200A6381D /* Build configuration list for PBXNativeTarget "SWaterFlowLayout" */;
			buildPhases = (
				AA9AD5AB20BD103100A6381D /* Sources */,
				AA9AD5AC20BD103100A6381D /* Frameworks */,
				AA9AD5AD20BD103100A6381D /* Resources */,
			);
			buildRules = (
			);
			dependencies = (
			);
			name = SWaterFlowLayout;
			productName = SWaterFlowLayout;
			productReference = AA9AD5AF20BD103100A6381D /* SWaterFlowLayout.app */;
			productType = "com.apple.product-type.application";
		};
		AA9AD5C620BD103200A6381D /* SWaterFlowLayoutTests */ = {
			isa = PBXNativeTarget;
			buildConfigurationList = AA9AD5DE20BD103200A6381D /* Build configuration list for PBXNativeTarget "SWaterFlowLayoutTests" */;
			buildPhases = (
				AA9AD5C320BD103200A6381D /* Sources */,
				AA9AD5C420BD103200A6381D /* Frameworks */,
				AA9AD5C520BD103200A6381D /* Resources */,
			);
			buildRules = (
			);
			dependencies = (
				AA9AD5C920BD103200A6381D /* PBXTargetDependency */,
			);
			name = SWaterFlowLayoutTests;
			productName = SWaterFlowLayoutTests;
			productReference = AA9AD5C720BD103200A6381D /* SWaterFlowLayoutTests.xctest */;
			productType = "com.apple.product-type.bundle.unit-test";
		};
		AA9AD5D120BD103200A6381D /* SWaterFlowLayoutUITests */ = {
			isa = PBXNativeTarget;
			buildConfigurationList = AA9AD5E120BD103200A6381D /* Build configuration list for PBXNativeTarget "SWaterFlowLayoutUITests" */;
			buildPhases = (
				AA9AD5CE20BD103200A6381D /* Sources */,
				AA9AD5CF20BD103200A6381D /* Frameworks */,
				AA9AD5D020BD103200A6381D /* Resources */,
			);
			buildRules = (
			);
			dependencies = (
				AA9AD5D420BD103200A6381D /* PBXTargetDependency */,
			);
			name = SWaterFlowLayoutUITests;
			productName = SWaterFlowLayoutUITests;
			productReference = AA9AD5D220BD103200A6381D /* SWaterFlowLayoutUITests.xctest */;
			productType = "com.apple.product-type.bundle.ui-testing";
		};
/* End PBXNativeTarget section */

/* Begin PBXProject section */
		AA9AD5A720BD103100A6381D /* Project object */ = {
			isa = PBXProject;
			attributes = {
				LastUpgradeCheck = 0930;
				ORGANIZATIONNAME = sunxm;
				TargetAttributes = {
					AA9AD5AE20BD103100A6381D = {
						CreatedOnToolsVersion = 9.3;
					};
					AA9AD5C620BD103200A6381D = {
						CreatedOnToolsVersion = 9.3;
						TestTargetID = AA9AD5AE20BD103100A6381D;
					};
					AA9AD5D120BD103200A6381D = {
						CreatedOnToolsVersion = 9.3;
						TestTargetID = AA9AD5AE20BD103100A6381D;
					};
				};
			};
			buildConfigurationList = AA9AD5AA20BD103100A6381D /* Build configuration list for PBXProject "SWaterFlowLayout" */;
			compatibilityVersion = "Xcode 9.3";
			developmentRegion = en;
			hasScannedForEncodings = 0;
			knownRegions = (
				en,
				Base,
			);
			mainGroup = AA9AD5A620BD103100A6381D;
			productRefGroup = AA9AD5B020BD103100A6381D /* Products */;
			projectDirPath = "";
			projectRoot = "";
			targets = (
				AA9AD5AE20BD103100A6381D /* SWaterFlowLayout */,
				AA9AD5C620BD103200A6381D /* SWaterFlowLayoutTests */,
				AA9AD5D120BD103200A6381D /* SWaterFlowLayoutUITests */,
			);
		};
/* End PBXProject section */

/* Begin PBXResourcesBuildPhase section */
		AA9AD5AD20BD103100A6381D /* Resources */ = {
			isa = PBXResourcesBuildPhase;
			buildActionMask = 2147483647;
			files = (
				AA8EDC9220C4DC1F0004AF4C /* SCardFlowLayoutViewController.xib in Resources */,
				AA8EDC9720C4DD2C0004AF4C /* SCardCell.xib in Resources */,
				AA9AD5BF20BD103200A6381D /* LaunchScreen.storyboard in Resources */,
				AA9AD5BC20BD103200A6381D /* Assets.xcassets in Resources */,
				AA9AD5EB20BD239D00A6381D /* TestCollectionViewCell.xib in Resources */,
				AA9AD69720BEA28300A6381D /* SCircleCollectionCell.xib in Resources */,
				AA9AD66120BD4A2400A6381D /* MJRefresh.bundle in Resources */,
				AA9AD69220BEA16500A6381D /* SCircleFlowViewController.xib in Resources */,
				AA9AD68D20BE8BE900A6381D /* SFlowLayoutViewController.xib in Resources */,
				AA9AD5BA20BD103100A6381D /* Main.storyboard in Resources */,
			);
			runOnlyForDeploymentPostprocessing = 0;
		};
		AA9AD5C520BD103200A6381D /* Resources */ = {
			isa = PBXResourcesBuildPhase;
			buildActionMask = 2147483647;
			files = (
			);
			runOnlyForDeploymentPostprocessing = 0;
		};
		AA9AD5D020BD103200A6381D /* Resources */ = {
			isa = PBXResourcesBuildPhase;
			buildActionMask = 2147483647;
			files = (
			);
			runOnlyForDeploymentPostprocessing = 0;
		};
/* End PBXResourcesBuildPhase section */

/* Begin PBXSourcesBuildPhase section */
		AA9AD5AB20BD103100A6381D /* Sources */ = {
			isa = PBXSourcesBuildPhase;
			buildActionMask = 2147483647;
			files = (
				AA9AD67120BD4A2400A6381D /* MJRefreshComponent.m in Sources */,
				AA9AD66A20BD4A2400A6381D /* MJRefreshNormalHeader.m in Sources */,
				AA9AD5B720BD103100A6381D /* ViewController.m in Sources */,
				AA9AD5E620BD106B00A6381D /* WaterFlowLayout.m in Sources */,
				AA9AD5C220BD103200A6381D /* main.m in Sources */,
				AA9AD66820BD4A2400A6381D /* MJRefreshAutoGifFooter.m in Sources */,
				AA9AD66B20BD4A2400A6381D /* MJRefreshStateHeader.m in Sources */,
				AA9AD67020BD4A2400A6381D /* MJRefreshAutoFooter.m in Sources */,
				AA9AD66E20BD4A2400A6381D /* MJRefreshHeader.m in Sources */,
				AA9AD66420BD4A2400A6381D /* MJRefreshBackGifFooter.m in Sources */,
				AA9AD69620BEA28300A6381D /* SCircleCollectionCell.m in Sources */,
				AA9AD66220BD4A2400A6381D /* UIScrollView+MJExtension.m in Sources */,
				AA9AD5B420BD103100A6381D /* AppDelegate.m in Sources */,
				AA9AD66520BD4A2400A6381D /* MJRefreshBackStateFooter.m in Sources */,
				AA9AD66320BD4A2400A6381D /* UIView+MJExtension.m in Sources */,
				AA9AD65F20BD4A2400A6381D /* UIScrollView+MJRefresh.m in Sources */,
				AA8EDC9120C4DC1F0004AF4C /* SCardFlowLayoutViewController.m in Sources */,
				AA9AD68C20BE8BE900A6381D /* SFlowLayoutViewController.m in Sources */,
				AA9AD66620BD4A2400A6381D /* MJRefreshBackNormalFooter.m in Sources */,
				AA9AD66F20BD4A2400A6381D /* MJRefreshBackFooter.m in Sources */,
				AA9AD66C20BD4A2400A6381D /* MJRefreshGifHeader.m in Sources */,
				AA9AD66920BD4A2400A6381D /* MJRefreshAutoNormalFooter.m in Sources */,
				AA9AD68820BE868B00A6381D /* CircleFlowLayout.m in Sources */,
				AA9AD66020BD4A2400A6381D /* MJRefreshConst.m in Sources */,
				AA9AD66720BD4A2400A6381D /* MJRefreshAutoStateFooter.m in Sources */,
				AA9AD5EA20BD239D00A6381D /* TestCollectionViewCell.m in Sources */,
				AA9AD66D20BD4A2400A6381D /* MJRefreshFooter.m in Sources */,
				AA9AD69120BEA16500A6381D /* SCircleFlowViewController.m in Sources */,
				AA8EDC8D20C4D7580004AF4C /* CardFlowLayout.m in Sources */,
				AA8EDC9620C4DD2C0004AF4C /* SCardCell.m in Sources */,
			);
			runOnlyForDeploymentPostprocessing = 0;
		};
		AA9AD5C320BD103200A6381D /* Sources */ = {
			isa = PBXSourcesBuildPhase;
			buildActionMask = 2147483647;
			files = (
				AA9AD5CC20BD103200A6381D /* SWaterFlowLayoutTests.m in Sources */,
			);
			runOnlyForDeploymentPostprocessing = 0;
		};
		AA9AD5CE20BD103200A6381D /* Sources */ = {
			isa = PBXSourcesBuildPhase;
			buildActionMask = 2147483647;
			files = (
				AA9AD5D720BD103200A6381D /* SWaterFlowLayoutUITests.m in Sources */,
			);
			runOnlyForDeploymentPostprocessing = 0;
		};
/* End PBXSourcesBuildPhase section */

/* Begin PBXTargetDependency section */
		AA9AD5C920BD103200A6381D /* PBXTargetDependency */ = {
			isa = PBXTargetDependency;
			target = AA9AD5AE20BD103100A6381D /* SWaterFlowLayout */;
			targetProxy = AA9AD5C820BD103200A6381D /* PBXContainerItemProxy */;
		};
		AA9AD5D420BD103200A6381D /* PBXTargetDependency */ = {
			isa = PBXTargetDependency;
			target = AA9AD5AE20BD103100A6381D /* SWaterFlowLayout */;
			targetProxy = AA9AD5D320BD103200A6381D /* PBXContainerItemProxy */;
		};
/* End PBXTargetDependency section */

/* Begin PBXVariantGroup section */
		AA9AD5B820BD103100A6381D /* Main.storyboard */ = {
			isa = PBXVariantGroup;
			children = (
				AA9AD5B920BD103100A6381D /* Base */,
			);
			name = Main.storyboard;
			sourceTree = "<group>";
		};
		AA9AD5BD20BD103200A6381D /* LaunchScreen.storyboard */ = {
			isa = PBXVariantGroup;
			children = (
				AA9AD5BE20BD103200A6381D /* Base */,
			);
			name = LaunchScreen.storyboard;
			sourceTree = "<group>";
		};
/* End PBXVariantGroup section */

/* Begin XCBuildConfiguration section */
		AA9AD5D920BD103200A6381D /* Debug */ = {
			isa = XCBuildConfiguration;
			buildSettings = {
				ALWAYS_SEARCH_USER_PATHS = NO;
				CLANG_ANALYZER_NONNULL = YES;
				CLANG_ANALYZER_NUMBER_OBJECT_CONVERSION = YES_AGGRESSIVE;
				CLANG_CXX_LANGUAGE_STANDARD = "gnu++14";
				CLANG_CXX_LIBRARY = "libc++";
				CLANG_ENABLE_MODULES = YES;
				CLANG_ENABLE_OBJC_ARC = YES;
				CLANG_ENABLE_OBJC_WEAK = YES;
				CLANG_WARN_BLOCK_CAPTURE_AUTORELEASING = YES;
				CLANG_WARN_BOOL_CONVERSION = YES;
				CLANG_WARN_COMMA = YES;
				CLANG_WARN_CONSTANT_CONVERSION = YES;
				CLANG_WARN_DEPRECATED_OBJC_IMPLEMENTATIONS = YES;
				CLANG_WARN_DIRECT_OBJC_ISA_USAGE = YES_ERROR;
				CLANG_WARN_DOCUMENTATION_COMMENTS = YES;
				CLANG_WARN_EMPTY_BODY = YES;
				CLANG_WARN_ENUM_CONVERSION = YES;
				CLANG_WARN_INFINITE_RECURSION = YES;
				CLANG_WARN_INT_CONVERSION = YES;
				CLANG_WARN_NON_LITERAL_NULL_CONVERSION = YES;
				CLANG_WARN_OBJC_IMPLICIT_RETAIN_SELF = YES;
				CLANG_WARN_OBJC_LITERAL_CONVERSION = YES;
				CLANG_WARN_OBJC_ROOT_CLASS = YES_ERROR;
				CLANG_WARN_RANGE_LOOP_ANALYSIS = YES;
				CLANG_WARN_STRICT_PROTOTYPES = YES;
				CLANG_WARN_SUSPICIOUS_MOVE = YES;
				CLANG_WARN_UNGUARDED_AVAILABILITY = YES_AGGRESSIVE;
				CLANG_WARN_UNREACHABLE_CODE = YES;
				CLANG_WARN__DUPLICATE_METHOD_MATCH = YES;
				CODE_SIGN_IDENTITY = "iPhone Developer";
				COPY_PHASE_STRIP = NO;
				DEBUG_INFORMATION_FORMAT = dwarf;
				ENABLE_STRICT_OBJC_MSGSEND = YES;
				ENABLE_TESTABILITY = YES;
				GCC_C_LANGUAGE_STANDARD = gnu11;
				GCC_DYNAMIC_NO_PIC = NO;
				GCC_NO_COMMON_BLOCKS = YES;
				GCC_OPTIMIZATION_LEVEL = 0;
				GCC_PREPROCESSOR_DEFINITIONS = (
					"DEBUG=1",
					"$(inherited)",
				);
				GCC_WARN_64_TO_32_BIT_CONVERSION = YES;
				GCC_WARN_ABOUT_RETURN_TYPE = YES_ERROR;
				GCC_WARN_UNDECLARED_SELECTOR = YES;
				GCC_WARN_UNINITIALIZED_AUTOS = YES_AGGRESSIVE;
				GCC_WARN_UNUSED_FUNCTION = YES;
				GCC_WARN_UNUSED_VARIABLE = YES;
				IPHONEOS_DEPLOYMENT_TARGET = 11.3;
				MTL_ENABLE_DEBUG_INFO = YES;
				ONLY_ACTIVE_ARCH = YES;
				SDKROOT = iphoneos;
			};
			name = Debug;
		};
		AA9AD5DA20BD103200A6381D /* Release */ = {
			isa = XCBuildConfiguration;
			buildSettings = {
				ALWAYS_SEARCH_USER_PATHS = NO;
				CLANG_ANALYZER_NONNULL = YES;
				CLANG_ANALYZER_NUMBER_OBJECT_CONVERSION = YES_AGGRESSIVE;
				CLANG_CXX_LANGUAGE_STANDARD = "gnu++14";
				CLANG_CXX_LIBRARY = "libc++";
				CLANG_ENABLE_MODULES = YES;
				CLANG_ENABLE_OBJC_ARC = YES;
				CLANG_ENABLE_OBJC_WEAK = YES;
				CLANG_WARN_BLOCK_CAPTURE_AUTORELEASING = YES;
				CLANG_WARN_BOOL_CONVERSION = YES;
				CLANG_WARN_COMMA = YES;
				CLANG_WARN_CONSTANT_CONVERSION = YES;
				CLANG_WARN_DEPRECATED_OBJC_IMPLEMENTATIONS = YES;
				CLANG_WARN_DIRECT_OBJC_ISA_USAGE = YES_ERROR;
				CLANG_WARN_DOCUMENTATION_COMMENTS = YES;
				CLANG_WARN_EMPTY_BODY = YES;
				CLANG_WARN_ENUM_CONVERSION = YES;
				CLANG_WARN_INFINITE_RECURSION = YES;
				CLANG_WARN_INT_CONVERSION = YES;
				CLANG_WARN_NON_LITERAL_NULL_CONVERSION = YES;
				CLANG_WARN_OBJC_IMPLICIT_RETAIN_SELF = YES;
				CLANG_WARN_OBJC_LITERAL_CONVERSION = YES;
				CLANG_WARN_OBJC_ROOT_CLASS = YES_ERROR;
				CLANG_WARN_RANGE_LOOP_ANALYSIS = YES;
				CLANG_WARN_STRICT_PROTOTYPES = YES;
				CLANG_WARN_SUSPICIOUS_MOVE = YES;
				CLANG_WARN_UNGUARDED_AVAILABILITY = YES_AGGRESSIVE;
				CLANG_WARN_UNREACHABLE_CODE = YES;
				CLANG_WARN__DUPLICATE_METHOD_MATCH = YES;
				CODE_SIGN_IDENTITY = "iPhone Developer";
				COPY_PHASE_STRIP = NO;
				DEBUG_INFORMATION_FORMAT = "dwarf-with-dsym";
				ENABLE_NS_ASSERTIONS = NO;
				ENABLE_STRICT_OBJC_MSGSEND = YES;
				GCC_C_LANGUAGE_STANDARD = gnu11;
				GCC_NO_COMMON_BLOCKS = YES;
				GCC_WARN_64_TO_32_BIT_CONVERSION = YES;
				GCC_WARN_ABOUT_RETURN_TYPE = YES_ERROR;
				GCC_WARN_UNDECLARED_SELECTOR = YES;
				GCC_WARN_UNINITIALIZED_AUTOS = YES_AGGRESSIVE;
				GCC_WARN_UNUSED_FUNCTION = YES;
				GCC_WARN_UNUSED_VARIABLE = YES;
				IPHONEOS_DEPLOYMENT_TARGET = 11.3;
				MTL_ENABLE_DEBUG_INFO = NO;
				SDKROOT = iphoneos;
				VALIDATE_PRODUCT = YES;
			};
			name = Release;
		};
		AA9AD5DC20BD103200A6381D /* Debug */ = {
			isa = XCBuildConfiguration;
			buildSettings = {
				ASSETCATALOG_COMPILER_APPICON_NAME = AppIcon;
				CODE_SIGN_STYLE = Automatic;
				DEVELOPMENT_TEAM = V4P6F5696H;
				INFOPLIST_FILE = SWaterFlowLayout/Info.plist;
				IPHONEOS_DEPLOYMENT_TARGET = 8.0;
				LD_RUNPATH_SEARCH_PATHS = (
					"$(inherited)",
					"@executable_path/Frameworks",
				);
				PRODUCT_BUNDLE_IDENTIFIER = com.xingyuanauto.XYAuto;
				PRODUCT_NAME = "$(TARGET_NAME)";
				TARGETED_DEVICE_FAMILY = "1,2";
			};
			name = Debug;
		};
		AA9AD5DD20BD103200A6381D /* Release */ = {
			isa = XCBuildConfiguration;
			buildSettings = {
				ASSETCATALOG_COMPILER_APPICON_NAME = AppIcon;
				CODE_SIGN_STYLE = Automatic;
				DEVELOPMENT_TEAM = V4P6F5696H;
				INFOPLIST_FILE = SWaterFlowLayout/Info.plist;
				IPHONEOS_DEPLOYMENT_TARGET = 8.0;
				LD_RUNPATH_SEARCH_PATHS = (
					"$(inherited)",
					"@executable_path/Frameworks",
				);
				PRODUCT_BUNDLE_IDENTIFIER = com.xingyuanauto.XYAuto;
				PRODUCT_NAME = "$(TARGET_NAME)";
				TARGETED_DEVICE_FAMILY = "1,2";
			};
			name = Release;
		};
		AA9AD5DF20BD103200A6381D /* Debug */ = {
			isa = XCBuildConfiguration;
			buildSettings = {
				BUNDLE_LOADER = "$(TEST_HOST)";
				CODE_SIGN_STYLE = Automatic;
				INFOPLIST_FILE = SWaterFlowLayoutTests/Info.plist;
				LD_RUNPATH_SEARCH_PATHS = (
					"$(inherited)",
					"@executable_path/Frameworks",
					"@loader_path/Frameworks",
				);
				PRODUCT_BUNDLE_IDENTIFIER = www.SWaterFlowLayoutTests;
				PRODUCT_NAME = "$(TARGET_NAME)";
				TARGETED_DEVICE_FAMILY = "1,2";
				TEST_HOST = "$(BUILT_PRODUCTS_DIR)/SWaterFlowLayout.app/SWaterFlowLayout";
			};
			name = Debug;
		};
		AA9AD5E020BD103200A6381D /* Release */ = {
			isa = XCBuildConfiguration;
			buildSettings = {
				BUNDLE_LOADER = "$(TEST_HOST)";
				CODE_SIGN_STYLE = Automatic;
				INFOPLIST_FILE = SWaterFlowLayoutTests/Info.plist;
				LD_RUNPATH_SEARCH_PATHS = (
					"$(inherited)",
					"@executable_path/Frameworks",
					"@loader_path/Frameworks",
				);
				PRODUCT_BUNDLE_IDENTIFIER = www.SWaterFlowLayoutTests;
				PRODUCT_NAME = "$(TARGET_NAME)";
				TARGETED_DEVICE_FAMILY = "1,2";
				TEST_HOST = "$(BUILT_PRODUCTS_DIR)/SWaterFlowLayout.app/SWaterFlowLayout";
			};
			name = Release;
		};
		AA9AD5E220BD103200A6381D /* Debug */ = {
			isa = XCBuildConfiguration;
			buildSettings = {
				CODE_SIGN_STYLE = Automatic;
				INFOPLIST_FILE = SWaterFlowLayoutUITests/Info.plist;
				LD_RUNPATH_SEARCH_PATHS = (
					"$(inherited)",
					"@executable_path/Frameworks",
					"@loader_path/Frameworks",
				);
				PRODUCT_BUNDLE_IDENTIFIER = www.SWaterFlowLayoutUITests;
				PRODUCT_NAME = "$(TARGET_NAME)";
				TARGETED_DEVICE_FAMILY = "1,2";
				TEST_TARGET_NAME = SWaterFlowLayout;
			};
			name = Debug;
		};
		AA9AD5E320BD103200A6381D /* Release */ = {
			isa = XCBuildConfiguration;
			buildSettings = {
				CODE_SIGN_STYLE = Automatic;
				INFOPLIST_FILE = SWaterFlowLayoutUITests/Info.plist;
				LD_RUNPATH_SEARCH_PATHS = (
					"$(inherited)",
					"@executable_path/Frameworks",
					"@loader_path/Frameworks",
				);
				PRODUCT_BUNDLE_IDENTIFIER = www.SWaterFlowLayoutUITests;
				PRODUCT_NAME = "$(TARGET_NAME)";
				TARGETED_DEVICE_FAMILY = "1,2";
				TEST_TARGET_NAME = SWaterFlowLayout;
			};
			name = Release;
		};
/* End XCBuildConfiguration section */

/* Begin XCConfigurationList section */
		AA9AD5AA20BD103100A6381D /* Build configuration list for PBXProject "SWaterFlowLayout" */ = {
			isa = XCConfigurationList;
			buildConfigurations = (
				AA9AD5D920BD103200A6381D /* Debug */,
				AA9AD5DA20BD103200A6381D /* Release */,
			);
			defaultConfigurationIsVisible = 0;
			defaultConfigurationName = Release;
		};
		AA9AD5DB20BD103200A6381D /* Build configuration list for PBXNativeTarget "SWaterFlowLayout" */ = {
			isa = XCConfigurationList;
			buildConfigurations = (
				AA9AD5DC20BD103200A6381D /* Debug */,
				AA9AD5DD20BD103200A6381D /* Release */,
			);
			defaultConfigurationIsVisible = 0;
			defaultConfigurationName = Release;
		};
		AA9AD5DE20BD103200A6381D /* Build configuration list for PBXNativeTarget "SWaterFlowLayoutTests" */ = {
			isa = XCConfigurationList;
			buildConfigurations = (
				AA9AD5DF20BD103200A6381D /* Debug */,
				AA9AD5E020BD103200A6381D /* Release */,
			);
			defaultConfigurationIsVisible = 0;
			defaultConfigurationName = Release;
		};
		AA9AD5E120BD103200A6381D /* Build configuration list for PBXNativeTarget "SWaterFlowLayoutUITests" */ = {
			isa = XCConfigurationList;
			buildConfigurations = (
				AA9AD5E220BD103200A6381D /* Debug */,
				AA9AD5E320BD103200A6381D /* Release */,
			);
			defaultConfigurationIsVisible = 0;
			defaultConfigurationName = Release;
		};
/* End XCConfigurationList section */
	};
	rootObject = AA9AD5A720BD103100A6381D /* Project object */;
}
